
Microsoft Visual Studio Solution File, Format Version 12.00
# Visual Studio Version 16
VisualStudioVersion = 16.0.30503.244
MinimumVisualStudioVersion = 10.0.40219.1
Project("{FAE04EC0-301F-11D3-BF4B-00C04F79EFBC}") = "Image Converter", "Image Converter\Image Converter.csproj", "{7BAB8252-B7C3-465B-B418-35826F5A3038}"
EndProject
Global
	GlobalSection(SolutionConfigurationPlatforms) = preSolution
		Debug|Any CPU = Debug|Any CPU
		Release|Any CPU = Release|Any CPU
	EndGlobalSection
	GlobalSection(ProjectConfigurationPlatforms) = postSolution
		{7BAB8252-B7C3-465B-B418-35826F5A3038}.Debug|Any CPU.ActiveCfg = Debug|Any CPU
		{7BAB8252-B7C3-465B-B418-35826F5A3038}.Debug|Any CPU.Build.0 = Debug|Any CPU
		{7BAB8252-B7C3-465B-B418-35826F5A3038}.Release|Any CPU.ActiveCfg = Release|Any CPU
		{7BAB8252-B7C3-465B-B418-35826F5A3038}.Release|Any CPU.Build.0 = Release|Any CPU
	EndGlobalSection
	GlobalSection(SolutionProperties) = preSolution
		HideSolutionNode = FALSE
	EndGlobalSection
	GlobalSection(ExtensibilityGlobals) = postSolution
		SolutionGuid = {14D6F9BD-50D5-466E-9533-CD1979732098}
	EndGlobalSection
EndGlobal
